
Microsoft Visual Studio Solution File, Format Version 12.00
# Visual Studio Version 16
VisualStudioVersion = 16.0.28803.452
MinimumVisualStudioVersion = 10.0.40219.1
Project("{FAE04EC0-301F-11D3-BF4B-00C04F79EFBC}") = "cxkstore", "cxkstore\cxkstore.csproj", "{F2AB8501-3F3D-4093-8805-CFAE5361AFDC}"
EndProject
Global
	GlobalSection(SolutionConfigurationPlatforms) = preSolution
		Debug|Any CPU = Debug|Any CPU
		Release|Any CPU = Release|Any CPU
	EndGlobalSection
	GlobalSection(ProjectConfigurationPlatforms) = postSolution
		{F2AB8501-3F3D-4093-8805-CFAE5361AFDC}.Debug|Any CPU.ActiveCfg = Debug|Any CPU
		{F2AB8501-3F3D-4093-8805-CFAE5361AFDC}.Debug|Any CPU.Build.0 = Debug|Any CPU
		{F2AB8501-3F3D-4093-8805-CFAE5361AFDC}.Release|Any CPU.ActiveCfg = Release|Any CPU
		{F2AB8501-3F3D-4093-8805-CFAE5361AFDC}.Release|Any CPU.Build.0 = Release|Any CPU
	EndGlobalSection
	GlobalSection(SolutionProperties) = preSolution
		HideSolutionNode = FALSE
	EndGlobalSection
	GlobalSection(ExtensibilityGlobals) = postSolution
		SolutionGuid = {2FDF75BD-AE61-4FEE-BE1F-317AA658D32A}
	EndGlobalSection
EndGlobal
